
Microsoft Visual Studio Solution File, Format Version 12.00
# Visual Studio Version 16
VisualStudioVersion = 16.0.30804.86
MinimumVisualStudioVersion = 10.0.40219.1
Project("{FAE04EC0-301F-11D3-BF4B-00C04F79EFBC}") = "Implementation", "Implementation\Implementation.csproj", "{D15E1B99-F762-42C7-9553-6764976DB166}"
EndProject
Project("{FAE04EC0-301F-11D3-BF4B-00C04F79EFBC}") = "Interface", "Interface\Interface.csproj", "{A12C7A8F-026C-400C-B682-FF750F70BC89}"
EndProject
Project("{2150E333-8FDC-42A3-9474-1A3956D46DE8}") = "Solution Items", "Solution Items", "{C82A17B3-182F-4B19-AA7B-17FE80649937}"
	ProjectSection(SolutionItems) = preProject
		readme.txt = readme.txt
	EndProjectSection
EndProject
Global
	GlobalSection(SolutionConfigurationPlatforms) = preSolution
		Debug|Any CPU = Debug|Any CPU
		Release|Any CPU = Release|Any CPU
	EndGlobalSection
	GlobalSection(ProjectConfigurationPlatforms) = postSolution
		{D15E1B99-F762-42C7-9553-6764976DB166}.Debug|Any CPU.ActiveCfg = Debug|Any CPU
		{D15E1B99-F762-42C7-9553-6764976DB166}.Debug|Any CPU.Build.0 = Debug|Any CPU
		{D15E1B99-F762-42C7-9553-6764976DB166}.Release|Any CPU.ActiveCfg = Release|Any CPU
		{D15E1B99-F762-42C7-9553-6764976DB166}.Release|Any CPU.Build.0 = Release|Any CPU
		{A12C7A8F-026C-400C-B682-FF750F70BC89}.Debug|Any CPU.ActiveCfg = Debug|Any CPU
		{A12C7A8F-026C-400C-B682-FF750F70BC89}.Debug|Any CPU.Build.0 = Debug|Any CPU
		{A12C7A8F-026C-400C-B682-FF750F70BC89}.Release|Any CPU.ActiveCfg = Release|Any CPU
		{A12C7A8F-026C-400C-B682-FF750F70BC89}.Release|Any CPU.Build.0 = Release|Any CPU
	EndGlobalSection
	GlobalSection(SolutionProperties) = preSolution
		HideSolutionNode = FALSE
	EndGlobalSection
	GlobalSection(ExtensibilityGlobals) = postSolution
		SolutionGuid = {F461A912-6F5E-430E-96E0-671146013C31}
	EndGlobalSection
EndGlobal
